
Microsoft Visual Studio Solution File, Format Version 12.00
# Visual Studio Version 17
VisualStudioVersion = 17.5.002.0
MinimumVisualStudioVersion = 10.0.40219.1
Project("{9A19103F-16F7-4668-BE54-9A1E7A4F7556}") = "specificExceptionTypes", "specificExceptionTypes.csproj", "{1415B7FA-55C5-446F-A9D2-346441A7AE9D}"
EndProject
Global
	GlobalSection(SolutionConfigurationPlatforms) = preSolution
		Debug|Any CPU = Debug|Any CPU
		Release|Any CPU = Release|Any CPU
	EndGlobalSection
	GlobalSection(ProjectConfigurationPlatforms) = postSolution
		{1415B7FA-55C5-446F-A9D2-346441A7AE9D}.Debug|Any CPU.ActiveCfg = Debug|Any CPU
		{1415B7FA-55C5-446F-A9D2-346441A7AE9D}.Debug|Any CPU.Build.0 = Debug|Any CPU
		{1415B7FA-55C5-446F-A9D2-346441A7AE9D}.Release|Any CPU.ActiveCfg = Release|Any CPU
		{1415B7FA-55C5-446F-A9D2-346441A7AE9D}.Release|Any CPU.Build.0 = Release|Any CPU
	EndGlobalSection
	GlobalSection(SolutionProperties) = preSolution
		HideSolutionNode = FALSE
	EndGlobalSection
	GlobalSection(ExtensibilityGlobals) = postSolution
		SolutionGuid = {082ED5A9-90BC-4B4C-8EF5-8ABE6E1A19E8}
	EndGlobalSection
EndGlobal
