
Microsoft Visual Studio Solution File, Format Version 12.00
# Visual Studio Version 17
VisualStudioVersion = 17.5.002.0
MinimumVisualStudioVersion = 10.0.40219.1
Project("{9A19103F-16F7-4668-BE54-9A1E7A4F7556}") = "monitorVariables", "monitorVariables.csproj", "{3C8C46C8-54A5-482D-AE3E-597D6FB3E4CF}"
EndProject
Global
	GlobalSection(SolutionConfigurationPlatforms) = preSolution
		Debug|Any CPU = Debug|Any CPU
		Release|Any CPU = Release|Any CPU
	EndGlobalSection
	GlobalSection(ProjectConfigurationPlatforms) = postSolution
		{3C8C46C8-54A5-482D-AE3E-597D6FB3E4CF}.Debug|Any CPU.ActiveCfg = Debug|Any CPU
		{3C8C46C8-54A5-482D-AE3E-597D6FB3E4CF}.Debug|Any CPU.Build.0 = Debug|Any CPU
		{3C8C46C8-54A5-482D-AE3E-597D6FB3E4CF}.Release|Any CPU.ActiveCfg = Release|Any CPU
		{3C8C46C8-54A5-482D-AE3E-597D6FB3E4CF}.Release|Any CPU.Build.0 = Release|Any CPU
	EndGlobalSection
	GlobalSection(SolutionProperties) = preSolution
		HideSolutionNode = FALSE
	EndGlobalSection
	GlobalSection(ExtensibilityGlobals) = postSolution
		SolutionGuid = {BC84CB2C-C630-4737-9F99-D06609B9A593}
	EndGlobalSection
EndGlobal
